// !$*UTF8*$!
{
	archiveVersion = 1;
	classes = {
	};
	objectVersion = 50;
	objects = {

/* Begin PBXBuildFile section */
		EDD2B59122D3C25C001352E5 /* AppDelegate.swift in Sources */ = {isa = PBXBuildFile; fileRef = EDD2B59022D3C25C001352E5 /* AppDelegate.swift */; };
		EDD2B59322D3C25C001352E5 /* EarthquakeViewController.swift in Sources */ = {isa = PBXBuildFile; fileRef = EDD2B59222D3C25C001352E5 /* EarthquakeViewController.swift */; };
		EDD2B59622D3C25C001352E5 /* Main.storyboard in Resources */ = {isa = PBXBuildFile; fileRef = EDD2B59422D3C25C001352E5 /* Main.storyboard */; };
		EDD2B59822D3C26A001352E5 /* Assets.xcassets in Resources */ = {isa = PBXBuildFile; fileRef = EDD2B59722D3C26A001352E5 /* Assets.xcassets */; };
		EDD2B59B22D3C26A001352E5 /* LaunchScreen.storyboard in Resources */ = {isa = PBXBuildFile; fileRef = EDD2B59922D3C26A001352E5 /* LaunchScreen.storyboard */; };
		EDD2B5A322D3C9F8001352E5 /* EarthquakeTableViewCell.swift in Sources */ = {isa = PBXBuildFile; fileRef = EDD2B5A222D3C9F8001352E5 /* EarthquakeTableViewCell.swift */; };
		EDD2B5A522D3DBF0001352E5 /* EarthquakeTableViewController.swift in Sources */ = {isa = PBXBuildFile; fileRef = EDD2B5A422D3DBF0001352E5 /* EarthquakeTableViewController.swift */; };
		EDD2B5A722D3DE5E001352E5 /* Earthquake.swift in Sources */ = {isa = PBXBuildFile; fileRef = EDD2B5A622D3DE5E001352E5 /* Earthquake.swift */; };
/* End PBXBuildFile section */

/* Begin PBXFileReference section */
		EDD2B58D22D3C25C001352E5 /* Earthquake.app */ = {isa = PBXFileReference; explicitFileType = wrapper.application; includeInIndex = 0; path = Earthquake.app; sourceTree = BUILT_PRODUCTS_DIR; };
		EDD2B59022D3C25C001352E5 /* AppDelegate.swift */ = {isa = PBXFileReference; lastKnownFileType = sourcecode.swift; path = AppDelegate.swift; sourceTree = "<group>"; };
		EDD2B59222D3C25C001352E5 /* EarthquakeViewController.swift */ = {isa = PBXFileReference; lastKnownFileType = sourcecode.swift; path = EarthquakeViewController.swift; sourceTree = "<group>"; };
		EDD2B59522D3C25C001352E5 /* Base */ = {isa = PBXFileReference; lastKnownFileType = file.storyboard; name = Base; path = Base.lproj/Main.storyboard; sourceTree = "<group>"; };
		EDD2B59722D3C26A001352E5 /* Assets.xcassets */ = {isa = PBXFileReference; lastKnownFileType = folder.assetcatalog; path = Assets.xcassets; sourceTree = "<group>"; };
		EDD2B59A22D3C26A001352E5 /* Base */ = {isa = PBXFileReference; lastKnownFileType = file.storyboard; name = Base; path = Base.lproj/LaunchScreen.storyboard; sourceTree = "<group>"; };
		EDD2B59C22D3C26A001352E5 /* Info.plist */ = {isa = PBXFileReference; lastKnownFileType = text.plist.xml; path = Info.plist; sourceTree = "<group>"; };
		EDD2B5A222D3C9F8001352E5 /* EarthquakeTableViewCell.swift */ = {isa = PBXFileReference; lastKnownFileType = sourcecode.swift; path = EarthquakeTableViewCell.swift; sourceTree = "<group>"; };
		EDD2B5A422D3DBF0001352E5 /* EarthquakeTableViewController.swift */ = {isa = PBXFileReference; lastKnownFileType = sourcecode.swift; path = EarthquakeTableViewController.swift; sourceTree = "<group>"; };
		EDD2B5A622D3DE5E001352E5 /* Earthquake.swift */ = {isa = PBXFileReference; lastKnownFileType = sourcecode.swift; path = Earthquake.swift; sourceTree = "<group>"; };
/* End PBXFileReference section */

/* Begin PBXFrameworksBuildPhase section */
		EDD2B58A22D3C25C001352E5 /* Frameworks */ = {
			isa = PBXFrameworksBuildPhase;
			buildActionMask = 2147483647;
			files = (
			);
			runOnlyForDeploymentPostprocessing = 0;
		};
/* End PBXFrameworksBuildPhase section */

/* Begin PBXGroup section */
		EDD2B58422D3C25C001352E5 = {
			isa = PBXGroup;
			children = (
				EDD2B58F22D3C25C001352E5 /* Earthquake */,
				EDD2B58E22D3C25C001352E5 /* Products */,
			);
			sourceTree = "<group>";
		};
		EDD2B58E22D3C25C001352E5 /* Products */ = {
			isa = PBXGroup;
			children = (
				EDD2B58D22D3C25C001352E5 /* Earthquake.app */,
			);
			name = Products;
			sourceTree = "<group>";
		};
		EDD2B58F22D3C25C001352E5 /* Earthquake */ = {
			isa = PBXGroup;
			children = (
				EDD2B59022D3C25C001352E5 /* AppDelegate.swift */,
				EDD2B59222D3C25C001352E5 /* EarthquakeViewController.swift */,
				EDD2B5A222D3C9F8001352E5 /* EarthquakeTableViewCell.swift */,
				EDD2B5A422D3DBF0001352E5 /* EarthquakeTableViewController.swift */,
				EDD2B5A622D3DE5E001352E5 /* Earthquake.swift */,
				EDD2B59422D3C25C001352E5 /* Main.storyboard */,
				EDD2B59722D3C26A001352E5 /* Assets.xcassets */,
				EDD2B59922D3C26A001352E5 /* LaunchScreen.storyboard */,
				EDD2B59C22D3C26A001352E5 /* Info.plist */,
			);
			path = Earthquake;
			sourceTree = "<group>";
		};
/* End PBXGroup section */

/* Begin PBXNativeTarget section */
		EDD2B58C22D3C25C001352E5 /* Earthquake */ = {
			isa = PBXNativeTarget;
			buildConfigurationList = EDD2B59F22D3C26A001352E5 /* Build configuration list for PBXNativeTarget "Earthquake" */;
			buildPhases = (
				EDD2B58922D3C25C001352E5 /* Sources */,
				EDD2B58A22D3C25C001352E5 /* Frameworks */,
				EDD2B58B22D3C25C001352E5 /* Resources */,
			);
			buildRules = (
			);
			dependencies = (
			);
			name = Earthquake;
			productName = Earthquake;
			productReference = EDD2B58D22D3C25C001352E5 /* Earthquake.app */;
			productType = "com.apple.product-type.application";
		};
/* End PBXNativeTarget section */

/* Begin PBXProject section */
		EDD2B58522D3C25C001352E5 /* Project object */ = {
			isa = PBXProject;
			attributes = {
				LastSwiftUpdateCheck = 1020;
				LastUpgradeCheck = 1020;
				ORGANIZATIONNAME = "Charlie Draper";
				TargetAttributes = {
					EDD2B58C22D3C25C001352E5 = {
						CreatedOnToolsVersion = 10.2.1;
					};
				};
			};
			buildConfigurationList = EDD2B58822D3C25C001352E5 /* Build configuration list for PBXProject "Earthquake" */;
			compatibilityVersion = "Xcode 9.3";
			developmentRegion = en;
			hasScannedForEncodings = 0;
			knownRegions = (
				en,
				Base,
			);
			mainGroup = EDD2B58422D3C25C001352E5;
			productRefGroup = EDD2B58E22D3C25C001352E5 /* Products */;
			projectDirPath = "";
			projectRoot = "";
			targets = (
				EDD2B58C22D3C25C001352E5 /* Earthquake */,
			);
		};
/* End PBXProject section */

/* Begin PBXResourcesBuildPhase section */
		EDD2B58B22D3C25C001352E5 /* Resources */ = {
			isa = PBXResourcesBuildPhase;
			buildActionMask = 2147483647;
			files = (
				EDD2B59B22D3C26A001352E5 /* LaunchScreen.storyboard in Resources */,
				EDD2B59822D3C26A001352E5 /* Assets.xcassets in Resources */,
				EDD2B59622D3C25C001352E5 /* Main.storyboard in Resources */,
			);
			runOnlyForDeploymentPostprocessing = 0;
		};
/* End PBXResourcesBuildPhase section */

/* Begin PBXSourcesBuildPhase section */
		EDD2B58922D3C25C001352E5 /* Sources */ = {
			isa = PBXSourcesBuildPhase;
			buildActionMask = 2147483647;
			files = (
				EDD2B5A722D3DE5E001352E5 /* Earthquake.swift in Sources */,
				EDD2B5A522D3DBF0001352E5 /* EarthquakeTableViewController.swift in Sources */,
				EDD2B59322D3C25C001352E5 /* EarthquakeViewController.swift in Sources */,
				EDD2B59122D3C25C001352E5 /* AppDelegate.swift in Sources */,
				EDD2B5A322D3C9F8001352E5 /* EarthquakeTableViewCell.swift in Sources */,
			);
			runOnlyForDeploymentPostprocessing = 0;
		};
/* End PBXSourcesBuildPhase section */

/* Begin PBXVariantGroup section */
		EDD2B59422D3C25C001352E5 /* Main.storyboard */ = {
			isa = PBXVariantGroup;
			children = (
				EDD2B59522D3C25C001352E5 /* Base */,
			);
			name = Main.storyboard;
			sourceTree = "<group>";
		};
		EDD2B59922D3C26A001352E5 /* LaunchScreen.storyboard */ = {
			isa = PBXVariantGroup;
			children = (
				EDD2B59A22D3C26A001352E5 /* Base */,
			);
			name = LaunchScreen.storyboard;
			sourceTree = "<group>";
		};
/* End PBXVariantGroup section */

/* Begin XCBuildConfiguration section */
		EDD2B59D22D3C26A001352E5 /* Debug */ = {
			isa = XCBuildConfiguration;
			buildSettings = {
				ALWAYS_SEARCH_USER_PATHS = NO;
				CLANG_ANALYZER_NONNULL = YES;
				CLANG_ANALYZER_NUMBER_OBJECT_CONVERSION = YES_AGGRESSIVE;
				CLANG_CXX_LANGUAGE_STANDARD = "gnu++14";
				CLANG_CXX_LIBRARY = "libc++";
				CLANG_ENABLE_MODULES = YES;
				CLANG_ENABLE_OBJC_ARC = YES;
				CLANG_ENABLE_OBJC_WEAK = YES;
				CLANG_WARN_BLOCK_CAPTURE_AUTORELEASING = YES;
				CLANG_WARN_BOOL_CONVERSION = YES;
				CLANG_WARN_COMMA = YES;
				CLANG_WARN_CONSTANT_CONVERSION = YES;
				CLANG_WARN_DEPRECATED_OBJC_IMPLEMENTATIONS = YES;
				CLANG_WARN_DIRECT_OBJC_ISA_USAGE = YES_ERROR;
				CLANG_WARN_DOCUMENTATION_COMMENTS = YES;
				CLANG_WARN_EMPTY_BODY = YES;
				CLANG_WARN_ENUM_CONVERSION = YES;
				CLANG_WARN_INFINITE_RECURSION = YES;
				CLANG_WARN_INT_CONVERSION = YES;
				CLANG_WARN_NON_LITERAL_NULL_CONVERSION = YES;
				CLANG_WARN_OBJC_IMPLICIT_RETAIN_SELF = YES;
				CLANG_WARN_OBJC_LITERAL_CONVERSION = YES;
				CLANG_WARN_OBJC_ROOT_CLASS = YES_ERROR;
				CLANG_WARN_RANGE_LOOP_ANALYSIS = YES;
				CLANG_WARN_STRICT_PROTOTYPES = YES;
				CLANG_WARN_SUSPICIOUS_MOVE = YES;
				CLANG_WARN_UNGUARDED_AVAILABILITY = YES_AGGRESSIVE;
				CLANG_WARN_UNREACHABLE_CODE = YES;
				CLANG_WARN__DUPLICATE_METHOD_MATCH = YES;
				CODE_SIGN_IDENTITY = "iPhone Developer";
				COPY_PHASE_STRIP = NO;
				DEBUG_INFORMATION_FORMAT = dwarf;
				ENABLE_STRICT_OBJC_MSGSEND = YES;
				ENABLE_TESTABILITY = YES;
				GCC_C_LANGUAGE_STANDARD = gnu11;
				GCC_DYNAMIC_NO_PIC = NO;
				GCC_NO_COMMON_BLOCKS = YES;
				GCC_OPTIMIZATION_LEVEL = 0;
				GCC_PREPROCESSOR_DEFINITIONS = (
					"DEBUG=1",
					"$(inherited)",
				);
				GCC_WARN_64_TO_32_BIT_CONVERSION = YES;
				GCC_WARN_ABOUT_RETURN_TYPE = YES_ERROR;
				GCC_WARN_UNDECLARED_SELECTOR = YES;
				GCC_WARN_UNINITIALIZED_AUTOS = YES_AGGRESSIVE;
				GCC_WARN_UNUSED_FUNCTION = YES;
				GCC_WARN_UNUSED_VARIABLE = YES;
				IPHONEOS_DEPLOYMENT_TARGET = 12.2;
				MTL_ENABLE_DEBUG_INFO = INCLUDE_SOURCE;
				MTL_FAST_MATH = YES;
				ONLY_ACTIVE_ARCH = YES;
				SDKROOT = iphoneos;
				SWIFT_ACTIVE_COMPILATION_CONDITIONS = DEBUG;
				SWIFT_OPTIMIZATION_LEVEL = "-Onone";
			};
			name = Debug;
		};
		EDD2B59E22D3C26A001352E5 /* Release */ = {
			isa = XCBuildConfiguration;
			buildSettings = {
				ALWAYS_SEARCH_USER_PATHS = NO;
				CLANG_ANALYZER_NONNULL = YES;
				CLANG_ANALYZER_NUMBER_OBJECT_CONVERSION = YES_AGGRESSIVE;
				CLANG_CXX_LANGUAGE_STANDARD = "gnu++14";
				CLANG_CXX_LIBRARY = "libc++";
				CLANG_ENABLE_MODULES = YES;
				CLANG_ENABLE_OBJC_ARC = YES;
				CLANG_ENABLE_OBJC_WEAK = YES;
				CLANG_WARN_BLOCK_CAPTURE_AUTORELEASING = YES;
				CLANG_WARN_BOOL_CONVERSION = YES;
				CLANG_WARN_COMMA = YES;
				CLANG_WARN_CONSTANT_CONVERSION = YES;
				CLANG_WARN_DEPRECATED_OBJC_IMPLEMENTATIONS = YES;
				CLANG_WARN_DIRECT_OBJC_ISA_USAGE = YES_ERROR;
				CLANG_WARN_DOCUMENTATION_COMMENTS = YES;
				CLANG_WARN_EMPTY_BODY = YES;
				CLANG_WARN_ENUM_CONVERSION = YES;
				CLANG_WARN_INFINITE_RECURSION = YES;
				CLANG_WARN_INT_CONVERSION = YES;
				CLANG_WARN_NON_LITERAL_NULL_CONVERSION = YES;
				CLANG_WARN_OBJC_IMPLICIT_RETAIN_SELF = YES;
				CLANG_WARN_OBJC_LITERAL_CONVERSION = YES;
				CLANG_WARN_OBJC_ROOT_CLASS = YES_ERROR;
				CLANG_WARN_RANGE_LOOP_ANALYSIS = YES;
				CLANG_WARN_STRICT_PROTOTYPES = YES;
				CLANG_WARN_SUSPICIOUS_MOVE = YES;
				CLANG_WARN_UNGUARDED_AVAILABILITY = YES_AGGRESSIVE;
				CLANG_WARN_UNREACHABLE_CODE = YES;
				CLANG_WARN__DUPLICATE_METHOD_MATCH = YES;
				CODE_SIGN_IDENTITY = "iPhone Developer";
				COPY_PHASE_STRIP = NO;
				DEBUG_INFORMATION_FORMAT = "dwarf-with-dsym";
				ENABLE_NS_ASSERTIONS = NO;
				ENABLE_STRICT_OBJC_MSGSEND = YES;
				GCC_C_LANGUAGE_STANDARD = gnu11;
				GCC_NO_COMMON_BLOCKS = YES;
				GCC_WARN_64_TO_32_BIT_CONVERSION = YES;
				GCC_WARN_ABOUT_RETURN_TYPE = YES_ERROR;
				GCC_WARN_UNDECLARED_SELECTOR = YES;
				GCC_WARN_UNINITIALIZED_AUTOS = YES_AGGRESSIVE;
				GCC_WARN_UNUSED_FUNCTION = YES;
				GCC_WARN_UNUSED_VARIABLE = YES;
				IPHONEOS_DEPLOYMENT_TARGET = 12.2;
				MTL_ENABLE_DEBUG_INFO = NO;
				MTL_FAST_MATH = YES;
				SDKROOT = iphoneos;
				SWIFT_COMPILATION_MODE = wholemodule;
				SWIFT_OPTIMIZATION_LEVEL = "-O";
				VALIDATE_PRODUCT = YES;
			};
			name = Release;
		};
		EDD2B5A022D3C26A001352E5 /* Debug */ = {
			isa = XCBuildConfiguration;
			buildSettings = {
				ASSETCATALOG_COMPILER_APPICON_NAME = AppIcon;
				CODE_SIGN_STYLE = Automatic;
				DEVELOPMENT_TEAM = 49W76A6AFS;
				INFOPLIST_FILE = Earthquake/Info.plist;
				LD_RUNPATH_SEARCH_PATHS = (
					"$(inherited)",
					"@executable_path/Frameworks",
				);
				PRODUCT_BUNDLE_IDENTIFIER = com.charliedraper.Earthquake;
				PRODUCT_NAME = "$(TARGET_NAME)";
				SWIFT_VERSION = 5.0;
				TARGETED_DEVICE_FAMILY = "1,2";
			};
			name = Debug;
		};
		EDD2B5A122D3C26A001352E5 /* Release */ = {
			isa = XCBuildConfiguration;
			buildSettings = {
				ASSETCATALOG_COMPILER_APPICON_NAME = AppIcon;
				CODE_SIGN_STYLE = Automatic;
				DEVELOPMENT_TEAM = 49W76A6AFS;
				INFOPLIST_FILE = Earthquake/Info.plist;
				LD_RUNPATH_SEARCH_PATHS = (
					"$(inherited)",
					"@executable_path/Frameworks",
				);
				PRODUCT_BUNDLE_IDENTIFIER = com.charliedraper.Earthquake;
				PRODUCT_NAME = "$(TARGET_NAME)";
				SWIFT_VERSION = 5.0;
				TARGETED_DEVICE_FAMILY = "1,2";
			};
			name = Release;
		};
/* End XCBuildConfiguration section */

/* Begin XCConfigurationList section */
		EDD2B58822D3C25C001352E5 /* Build configuration list for PBXProject "Earthquake" */ = {
			isa = XCConfigurationList;
			buildConfigurations = (
				EDD2B59D22D3C26A001352E5 /* Debug */,
				EDD2B59E22D3C26A001352E5 /* Release */,
			);
			defaultConfigurationIsVisible = 0;
			defaultConfigurationName = Release;
		};
		EDD2B59F22D3C26A001352E5 /* Build configuration list for PBXNativeTarget "Earthquake" */ = {
			isa = XCConfigurationList;
			buildConfigurations = (
				EDD2B5A022D3C26A001352E5 /* Debug */,
				EDD2B5A122D3C26A001352E5 /* Release */,
			);
			defaultConfigurationIsVisible = 0;
			defaultConfigurationName = Release;
		};
/* End XCConfigurationList section */
	};
	rootObject = EDD2B58522D3C25C001352E5 /* Project object */;
}
